{
  "name": "maths_module_using_node_js",
  "version": "1.0.0",
  "lockfileVersion": 3,
  "requires": true,
  "packages": {
    "": {
      "name": "maths_module_using_node_js",
      "version": "1.0.0",
      "license": "ISC",
      "dependencies": {
        "maths_module": "^1.0.3",
        "readline-sync": "^1.4.10"
      }
    },
    "node_modules/maths_module": {
      "version": "1.0.3",
      "resolved": "https://registry.npmjs.org/maths_module/-/maths_module-1.0.3.tgz",
      "integrity": "sha512-6BnhkowJTagyYHVFguag9ppljd3XJ3rUDy7dvIT3brKmIlVeANJb3rTP+kxdue6EdJ36FvmIxL5/HvkqmBWRtA=="
    },
    "node_modules/readline-sync": {
      "version": "1.4.10",
      "resolved": "https://registry.npmjs.org/readline-sync/-/readline-sync-1.4.10.tgz",
      "integrity": "sha512-gNva8/6UAe8QYepIQH/jQ2qn91Qj0B9sYjMBBs3QOB8F2CXcKgLxQaJRP76sWVRQt+QU+8fAkCbCvjjMFu7Ycw==",
      "engines": {
        "node": ">= 0.8.0"
      }
    }
  }
}
